// !$*UTF8*$!
{
	archiveVersion = 1;
	classes = {
	};
	objectVersion = 50;
	objects = {

/* Begin PBXBuildFile section */
		80227D6F24F85D1B00AC0C22 /* AppDelegate.m in Sources */ = {isa = PBXBuildFile; fileRef = 80227D6E24F85D1B00AC0C22 /* AppDelegate.m */; };
		80227D7224F85D1B00AC0C22 /* SceneDelegate.m in Sources */ = {isa = PBXBuildFile; fileRef = 80227D7124F85D1B00AC0C22 /* SceneDelegate.m */; };
		80227D7524F85D1B00AC0C22 /* ViewController.m in Sources */ = {isa = PBXBuildFile; fileRef = 80227D7424F85D1B00AC0C22 /* ViewController.m */; };
		80227D7824F85D1B00AC0C22 /* Main.storyboard in Resources */ = {isa = PBXBuildFile; fileRef = 80227D7624F85D1B00AC0C22 /* Main.storyboard */; };
		80227D7A24F85D2300AC0C22 /* Assets.xcassets in Resources */ = {isa = PBXBuildFile; fileRef = 80227D7924F85D2300AC0C22 /* Assets.xcassets */; };
		80227D7D24F85D2300AC0C22 /* LaunchScreen.storyboard in Resources */ = {isa = PBXBuildFile; fileRef = 80227D7B24F85D2300AC0C22 /* LaunchScreen.storyboard */; };
		80227D8024F85D2300AC0C22 /* main.m in Sources */ = {isa = PBXBuildFile; fileRef = 80227D7F24F85D2300AC0C22 /* main.m */; };
		80A910D724F949A400923650 /* Contato.m in Sources */ = {isa = PBXBuildFile; fileRef = 80A910D624F949A400923650 /* Contato.m */; };
		80A910DA24F94FDB00923650 /* ListaContatosViewController.m in Sources */ = {isa = PBXBuildFile; fileRef = 80A910D924F94FDB00923650 /* ListaContatosViewController.m */; };
/* End PBXBuildFile section */

/* Begin PBXFileReference section */
		80227D6A24F85D1B00AC0C22 /* AgendaDeContatos.app */ = {isa = PBXFileReference; explicitFileType = wrapper.application; includeInIndex = 0; path = AgendaDeContatos.app; sourceTree = BUILT_PRODUCTS_DIR; };
		80227D6D24F85D1B00AC0C22 /* AppDelegate.h */ = {isa = PBXFileReference; lastKnownFileType = sourcecode.c.h; path = AppDelegate.h; sourceTree = "<group>"; };
		80227D6E24F85D1B00AC0C22 /* AppDelegate.m */ = {isa = PBXFileReference; lastKnownFileType = sourcecode.c.objc; path = AppDelegate.m; sourceTree = "<group>"; };
		80227D7024F85D1B00AC0C22 /* SceneDelegate.h */ = {isa = PBXFileReference; lastKnownFileType = sourcecode.c.h; path = SceneDelegate.h; sourceTree = "<group>"; };
		80227D7124F85D1B00AC0C22 /* SceneDelegate.m */ = {isa = PBXFileReference; lastKnownFileType = sourcecode.c.objc; path = SceneDelegate.m; sourceTree = "<group>"; };
		80227D7324F85D1B00AC0C22 /* ViewController.h */ = {isa = PBXFileReference; lastKnownFileType = sourcecode.c.h; path = ViewController.h; sourceTree = "<group>"; };
		80227D7424F85D1B00AC0C22 /* ViewController.m */ = {isa = PBXFileReference; lastKnownFileType = sourcecode.c.objc; path = ViewController.m; sourceTree = "<group>"; };
		80227D7724F85D1B00AC0C22 /* Base */ = {isa = PBXFileReference; lastKnownFileType = file.storyboard; name = Base; path = Base.lproj/Main.storyboard; sourceTree = "<group>"; };
		80227D7924F85D2300AC0C22 /* Assets.xcassets */ = {isa = PBXFileReference; lastKnownFileType = folder.assetcatalog; path = Assets.xcassets; sourceTree = "<group>"; };
		80227D7C24F85D2300AC0C22 /* Base */ = {isa = PBXFileReference; lastKnownFileType = file.storyboard; name = Base; path = Base.lproj/LaunchScreen.storyboard; sourceTree = "<group>"; };
		80227D7E24F85D2300AC0C22 /* Info.plist */ = {isa = PBXFileReference; lastKnownFileType = text.plist.xml; path = Info.plist; sourceTree = "<group>"; };
		80227D7F24F85D2300AC0C22 /* main.m */ = {isa = PBXFileReference; lastKnownFileType = sourcecode.c.objc; path = main.m; sourceTree = "<group>"; };
		80A910D524F949A400923650 /* Contato.h */ = {isa = PBXFileReference; lastKnownFileType = sourcecode.c.h; path = Contato.h; sourceTree = "<group>"; };
		80A910D624F949A400923650 /* Contato.m */ = {isa = PBXFileReference; lastKnownFileType = sourcecode.c.objc; path = Contato.m; sourceTree = "<group>"; };
		80A910D824F94FDB00923650 /* ListaContatosViewController.h */ = {isa = PBXFileReference; lastKnownFileType = sourcecode.c.h; path = ListaContatosViewController.h; sourceTree = "<group>"; };
		80A910D924F94FDB00923650 /* ListaContatosViewController.m */ = {isa = PBXFileReference; lastKnownFileType = sourcecode.c.objc; path = ListaContatosViewController.m; sourceTree = "<group>"; };
/* End PBXFileReference section */

/* Begin PBXFrameworksBuildPhase section */
		80227D6724F85D1B00AC0C22 /* Frameworks */ = {
			isa = PBXFrameworksBuildPhase;
			buildActionMask = 2147483647;
			files = (
			);
			runOnlyForDeploymentPostprocessing = 0;
		};
/* End PBXFrameworksBuildPhase section */

/* Begin PBXGroup section */
		80227D6124F85D1B00AC0C22 = {
			isa = PBXGroup;
			children = (
				80227D6C24F85D1B00AC0C22 /* AgendaDeContatos */,
				80227D6B24F85D1B00AC0C22 /* Products */,
			);
			sourceTree = "<group>";
		};
		80227D6B24F85D1B00AC0C22 /* Products */ = {
			isa = PBXGroup;
			children = (
				80227D6A24F85D1B00AC0C22 /* AgendaDeContatos.app */,
			);
			name = Products;
			sourceTree = "<group>";
		};
		80227D6C24F85D1B00AC0C22 /* AgendaDeContatos */ = {
			isa = PBXGroup;
			children = (
				80227D6D24F85D1B00AC0C22 /* AppDelegate.h */,
				80227D6E24F85D1B00AC0C22 /* AppDelegate.m */,
				80227D7024F85D1B00AC0C22 /* SceneDelegate.h */,
				80227D7124F85D1B00AC0C22 /* SceneDelegate.m */,
				80227D7324F85D1B00AC0C22 /* ViewController.h */,
				80227D7424F85D1B00AC0C22 /* ViewController.m */,
				80A910D524F949A400923650 /* Contato.h */,
				80A910D624F949A400923650 /* Contato.m */,
				80227D7624F85D1B00AC0C22 /* Main.storyboard */,
				80A910D824F94FDB00923650 /* ListaContatosViewController.h */,
				80A910D924F94FDB00923650 /* ListaContatosViewController.m */,
				80227D7924F85D2300AC0C22 /* Assets.xcassets */,
				80227D7B24F85D2300AC0C22 /* LaunchScreen.storyboard */,
				80227D7E24F85D2300AC0C22 /* Info.plist */,
				80227D7F24F85D2300AC0C22 /* main.m */,
			);
			path = AgendaDeContatos;
			sourceTree = "<group>";
		};
/* End PBXGroup section */

/* Begin PBXNativeTarget section */
		80227D6924F85D1B00AC0C22 /* AgendaDeContatos */ = {
			isa = PBXNativeTarget;
			buildConfigurationList = 80227D8324F85D2300AC0C22 /* Build configuration list for PBXNativeTarget "AgendaDeContatos" */;
			buildPhases = (
				80227D6624F85D1B00AC0C22 /* Sources */,
				80227D6724F85D1B00AC0C22 /* Frameworks */,
				80227D6824F85D1B00AC0C22 /* Resources */,
			);
			buildRules = (
			);
			dependencies = (
			);
			name = AgendaDeContatos;
			productName = AgendaDeContatos;
			productReference = 80227D6A24F85D1B00AC0C22 /* AgendaDeContatos.app */;
			productType = "com.apple.product-type.application";
		};
/* End PBXNativeTarget section */

/* Begin PBXProject section */
		80227D6224F85D1B00AC0C22 /* Project object */ = {
			isa = PBXProject;
			attributes = {
				LastUpgradeCheck = 1160;
				ORGANIZATIONNAME = MarcioVCampos;
				TargetAttributes = {
					80227D6924F85D1B00AC0C22 = {
						CreatedOnToolsVersion = 11.6;
					};
				};
			};
			buildConfigurationList = 80227D6524F85D1B00AC0C22 /* Build configuration list for PBXProject "AgendaDeContatos" */;
			compatibilityVersion = "Xcode 9.3";
			developmentRegion = en;
			hasScannedForEncodings = 0;
			knownRegions = (
				en,
				Base,
			);
			mainGroup = 80227D6124F85D1B00AC0C22;
			productRefGroup = 80227D6B24F85D1B00AC0C22 /* Products */;
			projectDirPath = "";
			projectRoot = "";
			targets = (
				80227D6924F85D1B00AC0C22 /* AgendaDeContatos */,
			);
		};
/* End PBXProject section */

/* Begin PBXResourcesBuildPhase section */
		80227D6824F85D1B00AC0C22 /* Resources */ = {
			isa = PBXResourcesBuildPhase;
			buildActionMask = 2147483647;
			files = (
				80227D7D24F85D2300AC0C22 /* LaunchScreen.storyboard in Resources */,
				80227D7A24F85D2300AC0C22 /* Assets.xcassets in Resources */,
				80227D7824F85D1B00AC0C22 /* Main.storyboard in Resources */,
			);
			runOnlyForDeploymentPostprocessing = 0;
		};
/* End PBXResourcesBuildPhase section */

/* Begin PBXSourcesBuildPhase section */
		80227D6624F85D1B00AC0C22 /* Sources */ = {
			isa = PBXSourcesBuildPhase;
			buildActionMask = 2147483647;
			files = (
				80A910D724F949A400923650 /* Contato.m in Sources */,
				80A910DA24F94FDB00923650 /* ListaContatosViewController.m in Sources */,
				80227D7524F85D1B00AC0C22 /* ViewController.m in Sources */,
				80227D6F24F85D1B00AC0C22 /* AppDelegate.m in Sources */,
				80227D8024F85D2300AC0C22 /* main.m in Sources */,
				80227D7224F85D1B00AC0C22 /* SceneDelegate.m in Sources */,
			);
			runOnlyForDeploymentPostprocessing = 0;
		};
/* End PBXSourcesBuildPhase section */

/* Begin PBXVariantGroup section */
		80227D7624F85D1B00AC0C22 /* Main.storyboard */ = {
			isa = PBXVariantGroup;
			children = (
				80227D7724F85D1B00AC0C22 /* Base */,
			);
			name = Main.storyboard;
			sourceTree = "<group>";
		};
		80227D7B24F85D2300AC0C22 /* LaunchScreen.storyboard */ = {
			isa = PBXVariantGroup;
			children = (
				80227D7C24F85D2300AC0C22 /* Base */,
			);
			name = LaunchScreen.storyboard;
			sourceTree = "<group>";
		};
/* End PBXVariantGroup section */

/* Begin XCBuildConfiguration section */
		80227D8124F85D2300AC0C22 /* Debug */ = {
			isa = XCBuildConfiguration;
			buildSettings = {
				ALWAYS_SEARCH_USER_PATHS = NO;
				CLANG_ANALYZER_NONNULL = YES;
				CLANG_ANALYZER_NUMBER_OBJECT_CONVERSION = YES_AGGRESSIVE;
				CLANG_CXX_LANGUAGE_STANDARD = "gnu++14";
				CLANG_CXX_LIBRARY = "libc++";
				CLANG_ENABLE_MODULES = YES;
				CLANG_ENABLE_OBJC_ARC = YES;
				CLANG_ENABLE_OBJC_WEAK = YES;
				CLANG_WARN_BLOCK_CAPTURE_AUTORELEASING = YES;
				CLANG_WARN_BOOL_CONVERSION = YES;
				CLANG_WARN_COMMA = YES;
				CLANG_WARN_CONSTANT_CONVERSION = YES;
				CLANG_WARN_DEPRECATED_OBJC_IMPLEMENTATIONS = YES;
				CLANG_WARN_DIRECT_OBJC_ISA_USAGE = YES_ERROR;
				CLANG_WARN_DOCUMENTATION_COMMENTS = YES;
				CLANG_WARN_EMPTY_BODY = YES;
				CLANG_WARN_ENUM_CONVERSION = YES;
				CLANG_WARN_INFINITE_RECURSION = YES;
				CLANG_WARN_INT_CONVERSION = YES;
				CLANG_WARN_NON_LITERAL_NULL_CONVERSION = YES;
				CLANG_WARN_OBJC_IMPLICIT_RETAIN_SELF = YES;
				CLANG_WARN_OBJC_LITERAL_CONVERSION = YES;
				CLANG_WARN_OBJC_ROOT_CLASS = YES_ERROR;
				CLANG_WARN_RANGE_LOOP_ANALYSIS = YES;
				CLANG_WARN_STRICT_PROTOTYPES = YES;
				CLANG_WARN_SUSPICIOUS_MOVE = YES;
				CLANG_WARN_UNGUARDED_AVAILABILITY = YES_AGGRESSIVE;
				CLANG_WARN_UNREACHABLE_CODE = YES;
				CLANG_WARN__DUPLICATE_METHOD_MATCH = YES;
				COPY_PHASE_STRIP = NO;
				DEBUG_INFORMATION_FORMAT = dwarf;
				ENABLE_STRICT_OBJC_MSGSEND = YES;
				ENABLE_TESTABILITY = YES;
				GCC_C_LANGUAGE_STANDARD = gnu11;
				GCC_DYNAMIC_NO_PIC = NO;
				GCC_NO_COMMON_BLOCKS = YES;
				GCC_OPTIMIZATION_LEVEL = 0;
				GCC_PREPROCESSOR_DEFINITIONS = (
					"DEBUG=1",
					"$(inherited)",
				);
				GCC_WARN_64_TO_32_BIT_CONVERSION = YES;
				GCC_WARN_ABOUT_RETURN_TYPE = YES_ERROR;
				GCC_WARN_UNDECLARED_SELECTOR = YES;
				GCC_WARN_UNINITIALIZED_AUTOS = YES_AGGRESSIVE;
				GCC_WARN_UNUSED_FUNCTION = YES;
				GCC_WARN_UNUSED_VARIABLE = YES;
				IPHONEOS_DEPLOYMENT_TARGET = 13.6;
				MTL_ENABLE_DEBUG_INFO = INCLUDE_SOURCE;
				MTL_FAST_MATH = YES;
				ONLY_ACTIVE_ARCH = YES;
				SDKROOT = iphoneos;
			};
			name = Debug;
		};
		80227D8224F85D2300AC0C22 /* Release */ = {
			isa = XCBuildConfiguration;
			buildSettings = {
				ALWAYS_SEARCH_USER_PATHS = NO;
				CLANG_ANALYZER_NONNULL = YES;
				CLANG_ANALYZER_NUMBER_OBJECT_CONVERSION = YES_AGGRESSIVE;
				CLANG_CXX_LANGUAGE_STANDARD = "gnu++14";
				CLANG_CXX_LIBRARY = "libc++";
				CLANG_ENABLE_MODULES = YES;
				CLANG_ENABLE_OBJC_ARC = YES;
				CLANG_ENABLE_OBJC_WEAK = YES;
				CLANG_WARN_BLOCK_CAPTURE_AUTORELEASING = YES;
				CLANG_WARN_BOOL_CONVERSION = YES;
				CLANG_WARN_COMMA = YES;
				CLANG_WARN_CONSTANT_CONVERSION = YES;
				CLANG_WARN_DEPRECATED_OBJC_IMPLEMENTATIONS = YES;
				CLANG_WARN_DIRECT_OBJC_ISA_USAGE = YES_ERROR;
				CLANG_WARN_DOCUMENTATION_COMMENTS = YES;
				CLANG_WARN_EMPTY_BODY = YES;
				CLANG_WARN_ENUM_CONVERSION = YES;
				CLANG_WARN_INFINITE_RECURSION = YES;
				CLANG_WARN_INT_CONVERSION = YES;
				CLANG_WARN_NON_LITERAL_NULL_CONVERSION = YES;
				CLANG_WARN_OBJC_IMPLICIT_RETAIN_SELF = YES;
				CLANG_WARN_OBJC_LITERAL_CONVERSION = YES;
				CLANG_WARN_OBJC_ROOT_CLASS = YES_ERROR;
				CLANG_WARN_RANGE_LOOP_ANALYSIS = YES;
				CLANG_WARN_STRICT_PROTOTYPES = YES;
				CLANG_WARN_SUSPICIOUS_MOVE = YES;
				CLANG_WARN_UNGUARDED_AVAILABILITY = YES_AGGRESSIVE;
				CLANG_WARN_UNREACHABLE_CODE = YES;
				CLANG_WARN__DUPLICATE_METHOD_MATCH = YES;
				COPY_PHASE_STRIP = NO;
				DEBUG_INFORMATION_FORMAT = "dwarf-with-dsym";
				ENABLE_NS_ASSERTIONS = NO;
				ENABLE_STRICT_OBJC_MSGSEND = YES;
				GCC_C_LANGUAGE_STANDARD = gnu11;
				GCC_NO_COMMON_BLOCKS = YES;
				GCC_WARN_64_TO_32_BIT_CONVERSION = YES;
				GCC_WARN_ABOUT_RETURN_TYPE = YES_ERROR;
				GCC_WARN_UNDECLARED_SELECTOR = YES;
				GCC_WARN_UNINITIALIZED_AUTOS = YES_AGGRESSIVE;
				GCC_WARN_UNUSED_FUNCTION = YES;
				GCC_WARN_UNUSED_VARIABLE = YES;
				IPHONEOS_DEPLOYMENT_TARGET = 13.6;
				MTL_ENABLE_DEBUG_INFO = NO;
				MTL_FAST_MATH = YES;
				SDKROOT = iphoneos;
				VALIDATE_PRODUCT = YES;
			};
			name = Release;
		};
		80227D8424F85D2300AC0C22 /* Debug */ = {
			isa = XCBuildConfiguration;
			buildSettings = {
				ASSETCATALOG_COMPILER_APPICON_NAME = AppIcon;
				CODE_SIGN_STYLE = Automatic;
				INFOPLIST_FILE = AgendaDeContatos/Info.plist;
				LD_RUNPATH_SEARCH_PATHS = (
					"$(inherited)",
					"@executable_path/Frameworks",
				);
				PRODUCT_BUNDLE_IDENTIFIER = br.com.marciovcampos.AgendaDeContatos;
				PRODUCT_NAME = "$(TARGET_NAME)";
				TARGETED_DEVICE_FAMILY = "1,2";
			};
			name = Debug;
		};
		80227D8524F85D2300AC0C22 /* Release */ = {
			isa = XCBuildConfiguration;
			buildSettings = {
				ASSETCATALOG_COMPILER_APPICON_NAME = AppIcon;
				CODE_SIGN_STYLE = Automatic;
				INFOPLIST_FILE = AgendaDeContatos/Info.plist;
				LD_RUNPATH_SEARCH_PATHS = (
					"$(inherited)",
					"@executable_path/Frameworks",
				);
				PRODUCT_BUNDLE_IDENTIFIER = br.com.marciovcampos.AgendaDeContatos;
				PRODUCT_NAME = "$(TARGET_NAME)";
				TARGETED_DEVICE_FAMILY = "1,2";
			};
			name = Release;
		};
/* End XCBuildConfiguration section */

/* Begin XCConfigurationList section */
		80227D6524F85D1B00AC0C22 /* Build configuration list for PBXProject "AgendaDeContatos" */ = {
			isa = XCConfigurationList;
			buildConfigurations = (
				80227D8124F85D2300AC0C22 /* Debug */,
				80227D8224F85D2300AC0C22 /* Release */,
			);
			defaultConfigurationIsVisible = 0;
			defaultConfigurationName = Release;
		};
		80227D8324F85D2300AC0C22 /* Build configuration list for PBXNativeTarget "AgendaDeContatos" */ = {
			isa = XCConfigurationList;
			buildConfigurations = (
				80227D8424F85D2300AC0C22 /* Debug */,
				80227D8524F85D2300AC0C22 /* Release */,
			);
			defaultConfigurationIsVisible = 0;
			defaultConfigurationName = Release;
		};
/* End XCConfigurationList section */
	};
	rootObject = 80227D6224F85D1B00AC0C22 /* Project object */;
}
